{
  "name": "with-vuln-deps",
  "version": 3,
  "lockfileVersion": 3,
  "requires": true,
  "packages": {
    "": {
      "name": "with-vuln-deps",
      "version": "1.0.0",
      "dependencies": {
        "lodash": "^4.17.20",
        "minimist": "^0.2.1"
      }
    },
    "node_modules/lodash": {
      "version": "4.17.20",
      "resolved": "https://registry.npmjs.org/lodash/-/lodash-4.17.20.tgz",
      "integrity": "sha512-fake=="
    },
    "node_modules/minimist": {
      "version": "0.2.1",
      "resolved": "https://registry.npmjs.org/minimist/-/minimist-0.2.1.tgz",
      "integrity": "sha512-fake=="
    }
  }
}
