lockfileVersion: '6.0'
importers:
  .:
    dependencies:
      lodash:
        specifier: ^4.17.21
        version: 4.17.21
    devDependencies:
      typescript:
        specifier: ^5.0.0
        version: 5.0.4
packages:
  /lodash@4.17.21:
    resolution: {integrity: sha512-v2kDEe57becPpM9Ugkb3DbDF2wEPNZtT9NYRjTjiYSQpOUN0nmOX0COxQIybypPgF59NYe0o79IJ5GlRI1rMZA==}
    dev: false
  /typescript@5.0.4:
    resolution: {integrity: sha512-cWyzdWn1nygGvyFDyRSmclO684OcLYAFa7Rf7UX786MbVJ4qJc2JQCGE1w19up0Jg5e1A1CNt56++Ew++PksQ==}
    dev: true
  /inherits@2.0.4:
    resolution: {integrity: sha512-k/vGaX4/Yla3WzyMCvTQOXYeIHvqOKtnqBduzTHpzpQZzAskKMhZ2K+EnBiSM9zGSoIFeMpXKxa4dYeZIQqew==}
    dev: false
